// !$*UTF8*$!
{
	archiveVersion = 1;
	classes = {
	};
	objectVersion = 55;
	objects = {

/* Begin PBXBuildFile section */
		548D1C18273BEA2B00E0E4D2 /* AppDelegate.swift in Sources */ = {isa = PBXBuildFile; fileRef = 548D1C17273BEA2B00E0E4D2 /* AppDelegate.swift */; };
		548D1C1A273BEA2B00E0E4D2 /* SceneDelegate.swift in Sources */ = {isa = PBXBuildFile; fileRef = 548D1C19273BEA2B00E0E4D2 /* SceneDelegate.swift */; };
		548D1C1C273BEA2B00E0E4D2 /* OnbordingHomeViewController.swift in Sources */ = {isa = PBXBuildFile; fileRef = 548D1C1B273BEA2B00E0E4D2 /* OnbordingHomeViewController.swift */; };
		548D1C21273BEA2E00E0E4D2 /* Assets.xcassets in Resources */ = {isa = PBXBuildFile; fileRef = 548D1C20273BEA2E00E0E4D2 /* Assets.xcassets */; };
		548D1C24273BEA2E00E0E4D2 /* LaunchScreen.storyboard in Resources */ = {isa = PBXBuildFile; fileRef = 548D1C22273BEA2E00E0E4D2 /* LaunchScreen.storyboard */; };
		7A068450273D5C250074133C /* ButtonView.swift in Sources */ = {isa = PBXBuildFile; fileRef = 7A06844F273D5C250074133C /* ButtonView.swift */; };
		7A068453273E96DC0074133C /* AddressWalletViewController.swift in Sources */ = {isa = PBXBuildFile; fileRef = 7A068452273E96DC0074133C /* AddressWalletViewController.swift */; };
		7A068455273EB1B80074133C /* AddressTextFieldView.swift in Sources */ = {isa = PBXBuildFile; fileRef = 7A068454273EB1B80074133C /* AddressTextFieldView.swift */; };
		7A78693E2741E79F000A9944 /* AlertWalletViewController.swift in Sources */ = {isa = PBXBuildFile; fileRef = 7A78693D2741E79F000A9944 /* AlertWalletViewController.swift */; };
		7A7869422741EAC0000A9944 /* IconButton.swift in Sources */ = {isa = PBXBuildFile; fileRef = 7A7869412741EAC0000A9944 /* IconButton.swift */; };
		7A78694627420EA8000A9944 /* HomeGalleryViewController.swift in Sources */ = {isa = PBXBuildFile; fileRef = 7A78694527420EA8000A9944 /* HomeGalleryViewController.swift */; };
		7A78694927420F27000A9944 /* UIIView.swift in Sources */ = {isa = PBXBuildFile; fileRef = 7A78694827420F27000A9944 /* UIIView.swift */; };
		7A78694B2742EA63000A9944 /* AddressWalletRectangle.swift in Sources */ = {isa = PBXBuildFile; fileRef = 7A78694A2742EA63000A9944 /* AddressWalletRectangle.swift */; };
		7A78694D2742F093000A9944 /* SeparatorView.swift in Sources */ = {isa = PBXBuildFile; fileRef = 7A78694C2742F093000A9944 /* SeparatorView.swift */; };
		7A78695127432476000A9944 /* HomeCollection.swift in Sources */ = {isa = PBXBuildFile; fileRef = 7A78695027432476000A9944 /* HomeCollection.swift */; };
		7A7869542743258B000A9944 /* NFT.swift in Sources */ = {isa = PBXBuildFile; fileRef = 7A7869532743258B000A9944 /* NFT.swift */; };
		7A78695627432B7E000A9944 /* Model.swift in Sources */ = {isa = PBXBuildFile; fileRef = 7A78695527432B7E000A9944 /* Model.swift */; };
		7A78695827433046000A9944 /* HomeCollectionViewCell.swift in Sources */ = {isa = PBXBuildFile; fileRef = 7A78695727433046000A9944 /* HomeCollectionViewCell.swift */; };
		ACD99C6265FC59BDBE7AF665 /* Pods_NFTour.framework in Frameworks */ = {isa = PBXBuildFile; fileRef = B58109AEEF28BF999C4D1155 /* Pods_NFTour.framework */; };
/* End PBXBuildFile section */

/* Begin PBXFileReference section */
		548D1C14273BEA2B00E0E4D2 /* NFTour.app */ = {isa = PBXFileReference; explicitFileType = wrapper.application; includeInIndex = 0; path = NFTour.app; sourceTree = BUILT_PRODUCTS_DIR; };
		548D1C17273BEA2B00E0E4D2 /* AppDelegate.swift */ = {isa = PBXFileReference; lastKnownFileType = sourcecode.swift; path = AppDelegate.swift; sourceTree = "<group>"; };
		548D1C19273BEA2B00E0E4D2 /* SceneDelegate.swift */ = {isa = PBXFileReference; lastKnownFileType = sourcecode.swift; path = SceneDelegate.swift; sourceTree = "<group>"; };
		548D1C1B273BEA2B00E0E4D2 /* OnbordingHomeViewController.swift */ = {isa = PBXFileReference; lastKnownFileType = sourcecode.swift; path = OnbordingHomeViewController.swift; sourceTree = "<group>"; };
		548D1C20273BEA2E00E0E4D2 /* Assets.xcassets */ = {isa = PBXFileReference; lastKnownFileType = folder.assetcatalog; path = Assets.xcassets; sourceTree = "<group>"; };
		548D1C23273BEA2E00E0E4D2 /* Base */ = {isa = PBXFileReference; lastKnownFileType = file.storyboard; name = Base; path = Base.lproj/LaunchScreen.storyboard; sourceTree = "<group>"; };
		548D1C25273BEA2E00E0E4D2 /* Info.plist */ = {isa = PBXFileReference; lastKnownFileType = text.plist.xml; path = Info.plist; sourceTree = "<group>"; };
		7A06844F273D5C250074133C /* ButtonView.swift */ = {isa = PBXFileReference; lastKnownFileType = sourcecode.swift; path = ButtonView.swift; sourceTree = "<group>"; };
		7A068452273E96DC0074133C /* AddressWalletViewController.swift */ = {isa = PBXFileReference; lastKnownFileType = sourcecode.swift; path = AddressWalletViewController.swift; sourceTree = "<group>"; };
		7A068454273EB1B80074133C /* AddressTextFieldView.swift */ = {isa = PBXFileReference; lastKnownFileType = sourcecode.swift; path = AddressTextFieldView.swift; sourceTree = "<group>"; };
		7A78693D2741E79F000A9944 /* AlertWalletViewController.swift */ = {isa = PBXFileReference; lastKnownFileType = sourcecode.swift; path = AlertWalletViewController.swift; sourceTree = "<group>"; };
		7A7869412741EAC0000A9944 /* IconButton.swift */ = {isa = PBXFileReference; lastKnownFileType = sourcecode.swift; path = IconButton.swift; sourceTree = "<group>"; };
		7A78694527420EA8000A9944 /* HomeGalleryViewController.swift */ = {isa = PBXFileReference; lastKnownFileType = sourcecode.swift; path = HomeGalleryViewController.swift; sourceTree = "<group>"; };
		7A78694827420F27000A9944 /* UIIView.swift */ = {isa = PBXFileReference; lastKnownFileType = sourcecode.swift; path = UIIView.swift; sourceTree = "<group>"; };
		7A78694A2742EA63000A9944 /* AddressWalletRectangle.swift */ = {isa = PBXFileReference; lastKnownFileType = sourcecode.swift; path = AddressWalletRectangle.swift; sourceTree = "<group>"; };
		7A78694C2742F093000A9944 /* SeparatorView.swift */ = {isa = PBXFileReference; lastKnownFileType = sourcecode.swift; path = SeparatorView.swift; sourceTree = "<group>"; };
		7A78695027432476000A9944 /* HomeCollection.swift */ = {isa = PBXFileReference; lastKnownFileType = sourcecode.swift; path = HomeCollection.swift; sourceTree = "<group>"; };
		7A7869532743258B000A9944 /* NFT.swift */ = {isa = PBXFileReference; lastKnownFileType = sourcecode.swift; path = NFT.swift; sourceTree = "<group>"; };
		7A78695527432B7E000A9944 /* Model.swift */ = {isa = PBXFileReference; lastKnownFileType = sourcecode.swift; path = Model.swift; sourceTree = "<group>"; };
		7A78695727433046000A9944 /* HomeCollectionViewCell.swift */ = {isa = PBXFileReference; lastKnownFileType = sourcecode.swift; path = HomeCollectionViewCell.swift; sourceTree = "<group>"; };
		9CABF6941965274980290372 /* Pods-NFTour.release.xcconfig */ = {isa = PBXFileReference; includeInIndex = 1; lastKnownFileType = text.xcconfig; name = "Pods-NFTour.release.xcconfig"; path = "Target Support Files/Pods-NFTour/Pods-NFTour.release.xcconfig"; sourceTree = "<group>"; };
		B58109AEEF28BF999C4D1155 /* Pods_NFTour.framework */ = {isa = PBXFileReference; explicitFileType = wrapper.framework; includeInIndex = 0; path = Pods_NFTour.framework; sourceTree = BUILT_PRODUCTS_DIR; };
		C7863695E147918980F0F06F /* Pods-NFTour.debug.xcconfig */ = {isa = PBXFileReference; includeInIndex = 1; lastKnownFileType = text.xcconfig; name = "Pods-NFTour.debug.xcconfig"; path = "Target Support Files/Pods-NFTour/Pods-NFTour.debug.xcconfig"; sourceTree = "<group>"; };
/* End PBXFileReference section */

/* Begin PBXFrameworksBuildPhase section */
		548D1C11273BEA2B00E0E4D2 /* Frameworks */ = {
			isa = PBXFrameworksBuildPhase;
			buildActionMask = 2147483647;
			files = (
				ACD99C6265FC59BDBE7AF665 /* Pods_NFTour.framework in Frameworks */,
			);
			runOnlyForDeploymentPostprocessing = 0;
		};
/* End PBXFrameworksBuildPhase section */

/* Begin PBXGroup section */
		22042EED757135CDE0EE0383 /* Frameworks */ = {
			isa = PBXGroup;
			children = (
				B58109AEEF28BF999C4D1155 /* Pods_NFTour.framework */,
			);
			name = Frameworks;
			sourceTree = "<group>";
		};
		4CFD7BBD1B2D621B119FCC72 /* Pods */ = {
			isa = PBXGroup;
			children = (
				C7863695E147918980F0F06F /* Pods-NFTour.debug.xcconfig */,
				9CABF6941965274980290372 /* Pods-NFTour.release.xcconfig */,
			);
			path = Pods;
			sourceTree = "<group>";
		};
		548D1C0B273BEA2B00E0E4D2 = {
			isa = PBXGroup;
			children = (
				548D1C16273BEA2B00E0E4D2 /* NFTour */,
				548D1C15273BEA2B00E0E4D2 /* Products */,
				4CFD7BBD1B2D621B119FCC72 /* Pods */,
				22042EED757135CDE0EE0383 /* Frameworks */,
			);
			sourceTree = "<group>";
		};
		548D1C15273BEA2B00E0E4D2 /* Products */ = {
			isa = PBXGroup;
			children = (
				548D1C14273BEA2B00E0E4D2 /* NFTour.app */,
			);
			name = Products;
			sourceTree = "<group>";
		};
		548D1C16273BEA2B00E0E4D2 /* NFTour */ = {
			isa = PBXGroup;
			children = (
				548D1C17273BEA2B00E0E4D2 /* AppDelegate.swift */,
				548D1C19273BEA2B00E0E4D2 /* SceneDelegate.swift */,
				7A78695227432555000A9944 /* Model */,
				7A78694727420F05000A9944 /* Extensions */,
				7A06844B273C0D550074133C /* Views */,
				548D1C20273BEA2E00E0E4D2 /* Assets.xcassets */,
				548D1C22273BEA2E00E0E4D2 /* LaunchScreen.storyboard */,
				548D1C25273BEA2E00E0E4D2 /* Info.plist */,
			);
			path = NFTour;
			sourceTree = "<group>";
		};
		7A06844B273C0D550074133C /* Views */ = {
			isa = PBXGroup;
			children = (
				7A7869412741EAC0000A9944 /* IconButton.swift */,
				7A06844F273D5C250074133C /* ButtonView.swift */,
				7A068454273EB1B80074133C /* AddressTextFieldView.swift */,
				7A78694A2742EA63000A9944 /* AddressWalletRectangle.swift */,
				7A78694C2742F093000A9944 /* SeparatorView.swift */,
				7A78695027432476000A9944 /* HomeCollection.swift */,
				7A78695727433046000A9944 /* HomeCollectionViewCell.swift */,
				7A06844C273C0D6C0074133C /* Controller */,
			);
			path = Views;
			sourceTree = "<group>";
		};
		7A06844C273C0D6C0074133C /* Controller */ = {
			isa = PBXGroup;
			children = (
				548D1C1B273BEA2B00E0E4D2 /* OnbordingHomeViewController.swift */,
				7A068452273E96DC0074133C /* AddressWalletViewController.swift */,
				7A78693D2741E79F000A9944 /* AlertWalletViewController.swift */,
				7A78694527420EA8000A9944 /* HomeGalleryViewController.swift */,
			);
			path = Controller;
			sourceTree = "<group>";
		};
		7A78694727420F05000A9944 /* Extensions */ = {
			isa = PBXGroup;
			children = (
				7A78694827420F27000A9944 /* UIIView.swift */,
			);
			path = Extensions;
			sourceTree = "<group>";
		};
		7A78695227432555000A9944 /* Model */ = {
			isa = PBXGroup;
			children = (
				7A7869532743258B000A9944 /* NFT.swift */,
				7A78695527432B7E000A9944 /* Model.swift */,
			);
			path = Model;
			sourceTree = "<group>";
		};
/* End PBXGroup section */

/* Begin PBXNativeTarget section */
		548D1C13273BEA2B00E0E4D2 /* NFTour */ = {
			isa = PBXNativeTarget;
			buildConfigurationList = 548D1C28273BEA2E00E0E4D2 /* Build configuration list for PBXNativeTarget "NFTour" */;
			buildPhases = (
				126E885F6472A4FB8F501071 /* [CP] Check Pods Manifest.lock */,
				548D1C10273BEA2B00E0E4D2 /* Sources */,
				548D1C11273BEA2B00E0E4D2 /* Frameworks */,
				548D1C12273BEA2B00E0E4D2 /* Resources */,
				CDFABC7A0DFFC246F0573703 /* [CP] Embed Pods Frameworks */,
			);
			buildRules = (
			);
			dependencies = (
			);
			name = NFTour;
			productName = NFTour;
			productReference = 548D1C14273BEA2B00E0E4D2 /* NFTour.app */;
			productType = "com.apple.product-type.application";
		};
/* End PBXNativeTarget section */

/* Begin PBXProject section */
		548D1C0C273BEA2B00E0E4D2 /* Project object */ = {
			isa = PBXProject;
			attributes = {
				BuildIndependentTargetsInParallel = 1;
				LastSwiftUpdateCheck = 1310;
				LastUpgradeCheck = 1310;
				TargetAttributes = {
					548D1C13273BEA2B00E0E4D2 = {
						CreatedOnToolsVersion = 13.1;
					};
				};
			};
			buildConfigurationList = 548D1C0F273BEA2B00E0E4D2 /* Build configuration list for PBXProject "NFTour" */;
			compatibilityVersion = "Xcode 13.0";
			developmentRegion = en;
			hasScannedForEncodings = 0;
			knownRegions = (
				en,
				Base,
			);
			mainGroup = 548D1C0B273BEA2B00E0E4D2;
			productRefGroup = 548D1C15273BEA2B00E0E4D2 /* Products */;
			projectDirPath = "";
			projectRoot = "";
			targets = (
				548D1C13273BEA2B00E0E4D2 /* NFTour */,
			);
		};
/* End PBXProject section */

/* Begin PBXResourcesBuildPhase section */
		548D1C12273BEA2B00E0E4D2 /* Resources */ = {
			isa = PBXResourcesBuildPhase;
			buildActionMask = 2147483647;
			files = (
				548D1C24273BEA2E00E0E4D2 /* LaunchScreen.storyboard in Resources */,
				548D1C21273BEA2E00E0E4D2 /* Assets.xcassets in Resources */,
			);
			runOnlyForDeploymentPostprocessing = 0;
		};
/* End PBXResourcesBuildPhase section */

/* Begin PBXShellScriptBuildPhase section */
		126E885F6472A4FB8F501071 /* [CP] Check Pods Manifest.lock */ = {
			isa = PBXShellScriptBuildPhase;
			buildActionMask = 2147483647;
			files = (
			);
			inputFileListPaths = (
			);
			inputPaths = (
				"${PODS_PODFILE_DIR_PATH}/Podfile.lock",
				"${PODS_ROOT}/Manifest.lock",
			);
			name = "[CP] Check Pods Manifest.lock";
			outputFileListPaths = (
			);
			outputPaths = (
				"$(DERIVED_FILE_DIR)/Pods-NFTour-checkManifestLockResult.txt",
			);
			runOnlyForDeploymentPostprocessing = 0;
			shellPath = /bin/sh;
			shellScript = "diff \"${PODS_PODFILE_DIR_PATH}/Podfile.lock\" \"${PODS_ROOT}/Manifest.lock\" > /dev/null\nif [ $? != 0 ] ; then\n    # print error to STDERR\n    echo \"error: The sandbox is not in sync with the Podfile.lock. Run 'pod install' or update your CocoaPods installation.\" >&2\n    exit 1\nfi\n# This output is used by Xcode 'outputs' to avoid re-running this script phase.\necho \"SUCCESS\" > \"${SCRIPT_OUTPUT_FILE_0}\"\n";
			showEnvVarsInLog = 0;
		};
		CDFABC7A0DFFC246F0573703 /* [CP] Embed Pods Frameworks */ = {
			isa = PBXShellScriptBuildPhase;
			buildActionMask = 2147483647;
			files = (
			);
			inputFileListPaths = (
				"${PODS_ROOT}/Target Support Files/Pods-NFTour/Pods-NFTour-frameworks-${CONFIGURATION}-input-files.xcfilelist",
			);
			name = "[CP] Embed Pods Frameworks";
			outputFileListPaths = (
				"${PODS_ROOT}/Target Support Files/Pods-NFTour/Pods-NFTour-frameworks-${CONFIGURATION}-output-files.xcfilelist",
			);
			runOnlyForDeploymentPostprocessing = 0;
			shellPath = /bin/sh;
			shellScript = "\"${PODS_ROOT}/Target Support Files/Pods-NFTour/Pods-NFTour-frameworks.sh\"\n";
			showEnvVarsInLog = 0;
		};
/* End PBXShellScriptBuildPhase section */

/* Begin PBXSourcesBuildPhase section */
		548D1C10273BEA2B00E0E4D2 /* Sources */ = {
			isa = PBXSourcesBuildPhase;
			buildActionMask = 2147483647;
			files = (
				7A78695627432B7E000A9944 /* Model.swift in Sources */,
				548D1C1C273BEA2B00E0E4D2 /* OnbordingHomeViewController.swift in Sources */,
				7A78694627420EA8000A9944 /* HomeGalleryViewController.swift in Sources */,
				7A068453273E96DC0074133C /* AddressWalletViewController.swift in Sources */,
				7A068450273D5C250074133C /* ButtonView.swift in Sources */,
				7A7869542743258B000A9944 /* NFT.swift in Sources */,
				7A78694B2742EA63000A9944 /* AddressWalletRectangle.swift in Sources */,
				7A78695827433046000A9944 /* HomeCollectionViewCell.swift in Sources */,
				548D1C18273BEA2B00E0E4D2 /* AppDelegate.swift in Sources */,
				7A78694D2742F093000A9944 /* SeparatorView.swift in Sources */,
				7A78693E2741E79F000A9944 /* AlertWalletViewController.swift in Sources */,
				7A78694927420F27000A9944 /* UIIView.swift in Sources */,
				7A068455273EB1B80074133C /* AddressTextFieldView.swift in Sources */,
				7A7869422741EAC0000A9944 /* IconButton.swift in Sources */,
				7A78695127432476000A9944 /* HomeCollection.swift in Sources */,
				548D1C1A273BEA2B00E0E4D2 /* SceneDelegate.swift in Sources */,
			);
			runOnlyForDeploymentPostprocessing = 0;
		};
/* End PBXSourcesBuildPhase section */

/* Begin PBXVariantGroup section */
		548D1C22273BEA2E00E0E4D2 /* LaunchScreen.storyboard */ = {
			isa = PBXVariantGroup;
			children = (
				548D1C23273BEA2E00E0E4D2 /* Base */,
			);
			name = LaunchScreen.storyboard;
			sourceTree = "<group>";
		};
/* End PBXVariantGroup section */

/* Begin XCBuildConfiguration section */
		548D1C26273BEA2E00E0E4D2 /* Debug */ = {
			isa = XCBuildConfiguration;
			buildSettings = {
				ALWAYS_SEARCH_USER_PATHS = NO;
				CLANG_ANALYZER_NONNULL = YES;
				CLANG_ANALYZER_NUMBER_OBJECT_CONVERSION = YES_AGGRESSIVE;
				CLANG_CXX_LANGUAGE_STANDARD = "gnu++17";
				CLANG_CXX_LIBRARY = "libc++";
				CLANG_ENABLE_MODULES = YES;
				CLANG_ENABLE_OBJC_ARC = YES;
				CLANG_ENABLE_OBJC_WEAK = YES;
				CLANG_WARN_BLOCK_CAPTURE_AUTORELEASING = YES;
				CLANG_WARN_BOOL_CONVERSION = YES;
				CLANG_WARN_COMMA = YES;
				CLANG_WARN_CONSTANT_CONVERSION = YES;
				CLANG_WARN_DEPRECATED_OBJC_IMPLEMENTATIONS = YES;
				CLANG_WARN_DIRECT_OBJC_ISA_USAGE = YES_ERROR;
				CLANG_WARN_DOCUMENTATION_COMMENTS = YES;
				CLANG_WARN_EMPTY_BODY = YES;
				CLANG_WARN_ENUM_CONVERSION = YES;
				CLANG_WARN_INFINITE_RECURSION = YES;
				CLANG_WARN_INT_CONVERSION = YES;
				CLANG_WARN_NON_LITERAL_NULL_CONVERSION = YES;
				CLANG_WARN_OBJC_IMPLICIT_RETAIN_SELF = YES;
				CLANG_WARN_OBJC_LITERAL_CONVERSION = YES;
				CLANG_WARN_OBJC_ROOT_CLASS = YES_ERROR;
				CLANG_WARN_QUOTED_INCLUDE_IN_FRAMEWORK_HEADER = YES;
				CLANG_WARN_RANGE_LOOP_ANALYSIS = YES;
				CLANG_WARN_STRICT_PROTOTYPES = YES;
				CLANG_WARN_SUSPICIOUS_MOVE = YES;
				CLANG_WARN_UNGUARDED_AVAILABILITY = YES_AGGRESSIVE;
				CLANG_WARN_UNREACHABLE_CODE = YES;
				CLANG_WARN__DUPLICATE_METHOD_MATCH = YES;
				COPY_PHASE_STRIP = NO;
				DEBUG_INFORMATION_FORMAT = dwarf;
				ENABLE_STRICT_OBJC_MSGSEND = YES;
				ENABLE_TESTABILITY = YES;
				GCC_C_LANGUAGE_STANDARD = gnu11;
				GCC_DYNAMIC_NO_PIC = NO;
				GCC_NO_COMMON_BLOCKS = YES;
				GCC_OPTIMIZATION_LEVEL = 0;
				GCC_PREPROCESSOR_DEFINITIONS = (
					"DEBUG=1",
					"$(inherited)",
				);
				GCC_WARN_64_TO_32_BIT_CONVERSION = YES;
				GCC_WARN_ABOUT_RETURN_TYPE = YES_ERROR;
				GCC_WARN_UNDECLARED_SELECTOR = YES;
				GCC_WARN_UNINITIALIZED_AUTOS = YES_AGGRESSIVE;
				GCC_WARN_UNUSED_FUNCTION = YES;
				GCC_WARN_UNUSED_VARIABLE = YES;
				IPHONEOS_DEPLOYMENT_TARGET = 15.0;
				MTL_ENABLE_DEBUG_INFO = INCLUDE_SOURCE;
				MTL_FAST_MATH = YES;
				ONLY_ACTIVE_ARCH = YES;
				SDKROOT = iphoneos;
				SWIFT_ACTIVE_COMPILATION_CONDITIONS = DEBUG;
				SWIFT_OPTIMIZATION_LEVEL = "-Onone";
			};
			name = Debug;
		};
		548D1C27273BEA2E00E0E4D2 /* Release */ = {
			isa = XCBuildConfiguration;
			buildSettings = {
				ALWAYS_SEARCH_USER_PATHS = NO;
				CLANG_ANALYZER_NONNULL = YES;
				CLANG_ANALYZER_NUMBER_OBJECT_CONVERSION = YES_AGGRESSIVE;
				CLANG_CXX_LANGUAGE_STANDARD = "gnu++17";
				CLANG_CXX_LIBRARY = "libc++";
				CLANG_ENABLE_MODULES = YES;
				CLANG_ENABLE_OBJC_ARC = YES;
				CLANG_ENABLE_OBJC_WEAK = YES;
				CLANG_WARN_BLOCK_CAPTURE_AUTORELEASING = YES;
				CLANG_WARN_BOOL_CONVERSION = YES;
				CLANG_WARN_COMMA = YES;
				CLANG_WARN_CONSTANT_CONVERSION = YES;
				CLANG_WARN_DEPRECATED_OBJC_IMPLEMENTATIONS = YES;
				CLANG_WARN_DIRECT_OBJC_ISA_USAGE = YES_ERROR;
				CLANG_WARN_DOCUMENTATION_COMMENTS = YES;
				CLANG_WARN_EMPTY_BODY = YES;
				CLANG_WARN_ENUM_CONVERSION = YES;
				CLANG_WARN_INFINITE_RECURSION = YES;
				CLANG_WARN_INT_CONVERSION = YES;
				CLANG_WARN_NON_LITERAL_NULL_CONVERSION = YES;
				CLANG_WARN_OBJC_IMPLICIT_RETAIN_SELF = YES;
				CLANG_WARN_OBJC_LITERAL_CONVERSION = YES;
				CLANG_WARN_OBJC_ROOT_CLASS = YES_ERROR;
				CLANG_WARN_QUOTED_INCLUDE_IN_FRAMEWORK_HEADER = YES;
				CLANG_WARN_RANGE_LOOP_ANALYSIS = YES;
				CLANG_WARN_STRICT_PROTOTYPES = YES;
				CLANG_WARN_SUSPICIOUS_MOVE = YES;
				CLANG_WARN_UNGUARDED_AVAILABILITY = YES_AGGRESSIVE;
				CLANG_WARN_UNREACHABLE_CODE = YES;
				CLANG_WARN__DUPLICATE_METHOD_MATCH = YES;
				COPY_PHASE_STRIP = NO;
				DEBUG_INFORMATION_FORMAT = "dwarf-with-dsym";
				ENABLE_NS_ASSERTIONS = NO;
				ENABLE_STRICT_OBJC_MSGSEND = YES;
				GCC_C_LANGUAGE_STANDARD = gnu11;
				GCC_NO_COMMON_BLOCKS = YES;
				GCC_WARN_64_TO_32_BIT_CONVERSION = YES;
				GCC_WARN_ABOUT_RETURN_TYPE = YES_ERROR;
				GCC_WARN_UNDECLARED_SELECTOR = YES;
				GCC_WARN_UNINITIALIZED_AUTOS = YES_AGGRESSIVE;
				GCC_WARN_UNUSED_FUNCTION = YES;
				GCC_WARN_UNUSED_VARIABLE = YES;
				IPHONEOS_DEPLOYMENT_TARGET = 15.0;
				MTL_ENABLE_DEBUG_INFO = NO;
				MTL_FAST_MATH = YES;
				SDKROOT = iphoneos;
				SWIFT_COMPILATION_MODE = wholemodule;
				SWIFT_OPTIMIZATION_LEVEL = "-O";
				VALIDATE_PRODUCT = YES;
			};
			name = Release;
		};
		548D1C29273BEA2E00E0E4D2 /* Debug */ = {
			isa = XCBuildConfiguration;
			baseConfigurationReference = C7863695E147918980F0F06F /* Pods-NFTour.debug.xcconfig */;
			buildSettings = {
				ASSETCATALOG_COMPILER_APPICON_NAME = AppIcon;
				ASSETCATALOG_COMPILER_GLOBAL_ACCENT_COLOR_NAME = AccentColor;
				CODE_SIGN_STYLE = Automatic;
				CURRENT_PROJECT_VERSION = 1;
				DEVELOPMENT_TEAM = 6JQBX9UWVN;
				GENERATE_INFOPLIST_FILE = YES;
				INFOPLIST_FILE = NFTour/Info.plist;
				INFOPLIST_KEY_UIApplicationSupportsIndirectInputEvents = YES;
				INFOPLIST_KEY_UILaunchStoryboardName = LaunchScreen;
				INFOPLIST_KEY_UISupportedInterfaceOrientations_iPad = "UIInterfaceOrientationPortrait UIInterfaceOrientationPortraitUpsideDown UIInterfaceOrientationLandscapeLeft UIInterfaceOrientationLandscapeRight";
				INFOPLIST_KEY_UISupportedInterfaceOrientations_iPhone = "UIInterfaceOrientationPortrait UIInterfaceOrientationLandscapeLeft UIInterfaceOrientationLandscapeRight";
				LD_RUNPATH_SEARCH_PATHS = (
					"$(inherited)",
					"@executable_path/Frameworks",
				);
				MARKETING_VERSION = 1.0;
				PRODUCT_BUNDLE_IDENTIFIER = br.mariana.florencio.NFTour;
				PRODUCT_NAME = "$(TARGET_NAME)";
				SWIFT_EMIT_LOC_STRINGS = YES;
				SWIFT_VERSION = 5.0;
				TARGETED_DEVICE_FAMILY = "1,2";
			};
			name = Debug;
		};
		548D1C2A273BEA2E00E0E4D2 /* Release */ = {
			isa = XCBuildConfiguration;
			baseConfigurationReference = 9CABF6941965274980290372 /* Pods-NFTour.release.xcconfig */;
			buildSettings = {
				ASSETCATALOG_COMPILER_APPICON_NAME = AppIcon;
				ASSETCATALOG_COMPILER_GLOBAL_ACCENT_COLOR_NAME = AccentColor;
				CODE_SIGN_STYLE = Automatic;
				CURRENT_PROJECT_VERSION = 1;
				DEVELOPMENT_TEAM = 6JQBX9UWVN;
				GENERATE_INFOPLIST_FILE = YES;
				INFOPLIST_FILE = NFTour/Info.plist;
				INFOPLIST_KEY_UIApplicationSupportsIndirectInputEvents = YES;
				INFOPLIST_KEY_UILaunchStoryboardName = LaunchScreen;
				INFOPLIST_KEY_UISupportedInterfaceOrientations_iPad = "UIInterfaceOrientationPortrait UIInterfaceOrientationPortraitUpsideDown UIInterfaceOrientationLandscapeLeft UIInterfaceOrientationLandscapeRight";
				INFOPLIST_KEY_UISupportedInterfaceOrientations_iPhone = "UIInterfaceOrientationPortrait UIInterfaceOrientationLandscapeLeft UIInterfaceOrientationLandscapeRight";
				LD_RUNPATH_SEARCH_PATHS = (
					"$(inherited)",
					"@executable_path/Frameworks",
				);
				MARKETING_VERSION = 1.0;
				PRODUCT_BUNDLE_IDENTIFIER = br.mariana.florencio.NFTour;
				PRODUCT_NAME = "$(TARGET_NAME)";
				SWIFT_EMIT_LOC_STRINGS = YES;
				SWIFT_VERSION = 5.0;
				TARGETED_DEVICE_FAMILY = "1,2";
			};
			name = Release;
		};
/* End XCBuildConfiguration section */

/* Begin XCConfigurationList section */
		548D1C0F273BEA2B00E0E4D2 /* Build configuration list for PBXProject "NFTour" */ = {
			isa = XCConfigurationList;
			buildConfigurations = (
				548D1C26273BEA2E00E0E4D2 /* Debug */,
				548D1C27273BEA2E00E0E4D2 /* Release */,
			);
			defaultConfigurationIsVisible = 0;
			defaultConfigurationName = Release;
		};
		548D1C28273BEA2E00E0E4D2 /* Build configuration list for PBXNativeTarget "NFTour" */ = {
			isa = XCConfigurationList;
			buildConfigurations = (
				548D1C29273BEA2E00E0E4D2 /* Debug */,
				548D1C2A273BEA2E00E0E4D2 /* Release */,
			);
			defaultConfigurationIsVisible = 0;
			defaultConfigurationName = Release;
		};
/* End XCConfigurationList section */
	};
	rootObject = 548D1C0C273BEA2B00E0E4D2 /* Project object */;
}
